<?xml version="1.0" encoding="utf-8"?>
<Project ToolsVersion="4.0" xmlns="http://schemas.microsoft.com/developer/msbuild/2003">
  <ItemGroup>
    <FxCompile Include="PhongPS.hlsl">
      <Filter>Shaders</Filter>
    </FxCompile>
    <FxCompile Include="LightPS.hlsl">
      <Filter>Shaders</Filter>
    </FxCompile>
    <FxCompile Include="PixelShader.hlsl">
      <Filter>Shaders</Filter>
    </FxCompile>
    <FxCompile Include="VertexShader.hlsl">
      <Filter>Shaders</Filter>
    </FxCompile>
    <FxCompile Include="SkyPS.hlsl">
      <Filter>Shaders\Sky</Filter>
    </FxCompile>
    <FxCompile Include="SkyVS.hlsl">
      <Filter>Shaders\Sky</Filter>
    </FxCompile>
  </ItemGroup>
  <ItemGroup>
    <Image Include="small.ico">
      <Filter>Resources</Filter>
    </Image>
    <Image Include="dx11.ico">
      <Filter>Resources</Filter>
    </Image>
  </ItemGroup>
  <ItemGroup>
    <Filter Include="Sources">
      <UniqueIdentifier>{f043fe05-8ba6-4ea0-8b32-12566089b574}</UniqueIdentifier>
    </Filter>
    <Filter Include="Headers">
      <UniqueIdentifier>{65b976ec-b51a-418d-9b38-79cf7b3bf020}</UniqueIdentifier>
    </Filter>
    <Filter Include="Shaders">
      <UniqueIdentifier>{cb428263-6e08-4207-ad66-d8cc481ff339}</UniqueIdentifier>
    </Filter>
    <Filter Include="Resources">
      <UniqueIdentifier>{420ae037-8a99-4716-bd40-26233b539371}</UniqueIdentifier>
    </Filter>
    <Filter Include="Shaders\Sky">
      <UniqueIdentifier>{13ff486a-abd3-459d-905b-ca3de5c25ba2}</UniqueIdentifier>
    </Filter>
    <Filter Include="Sources\ImGui">
      <UniqueIdentifier>{651fbc29-4daa-4ae7-84c5-2c5f6b02231f}</UniqueIdentifier>
    </Filter>
  </ItemGroup>
  <ItemGroup>
    <ResourceCompile Include="dx11.rc">
      <Filter>Resources</Filter>
    </ResourceCompile>
  </ItemGroup>
  <ItemGroup>
    <ClCompile Include="Camera.cpp">
      <Filter>Sources</Filter>
    </ClCompile>
    <ClCompile Include="DeviceResources.cpp">
      <Filter>Sources</Filter>
    </ClCompile>
    <ClCompile Include="dx11.cpp">
      <Filter>Sources</Filter>
    </ClCompile>
    <ClCompile Include="Game.cpp">
      <Filter>Sources</Filter>
    </ClCompile>
    <ClCompile Include="Keyboard.cpp">
      <Filter>Sources</Filter>
    </ClCompile>
    <ClCompile Include="Math.cpp">
      <Filter>Sources</Filter>
    </ClCompile>
    <ClCompile Include="Mouse.cpp">
      <Filter>Sources</Filter>
    </ClCompile>
    <ClCompile Include="stb_image.cpp">
      <Filter>Sources</Filter>
    </ClCompile>
    <ClCompile Include="objloader.cpp">
      <Filter>Sources</Filter>
    </ClCompile>
    <ClCompile Include="Utils.cpp">
      <Filter>Sources</Filter>
    </ClCompile>
    <ClCompile Include="Renderer.cpp">
      <Filter>Sources</Filter>
    </ClCompile>
    <ClCompile Include="Actor.cpp">
      <Filter>Sources</Filter>
    </ClCompile>
    <ClCompile Include="ShadowMap.cpp">
      <Filter>Sources</Filter>
    </ClCompile>
    <ClCompile Include="MeshGenerator.cpp">
      <Filter>Sources</Filter>
    </ClCompile>
    <ClCompile Include="CubeMap.cpp">
      <Filter>Sources</Filter>
    </ClCompile>
    <ClCompile Include="InputLayout.cpp">
      <Filter>Sources</Filter>
    </ClCompile>
    <ClCompile Include="..\imgui-1.87\imgui.cpp">
      <Filter>Sources\ImGui</Filter>
    </ClCompile>
    <ClCompile Include="..\imgui-1.87\imgui_draw.cpp">
      <Filter>Sources\ImGui</Filter>
    </ClCompile>
    <ClCompile Include="..\imgui-1.87\imgui_tables.cpp">
      <Filter>Sources\ImGui</Filter>
    </ClCompile>
    <ClCompile Include="..\imgui-1.87\imgui_widgets.cpp">
      <Filter>Sources\ImGui</Filter>
    </ClCompile>
    <ClCompile Include="..\imgui-1.87\backends\imgui_impl_dx11.cpp">
      <Filter>Sources\ImGui</Filter>
    </ClCompile>
    <ClCompile Include="..\imgui-1.87\backends\imgui_impl_win32.cpp">
      <Filter>Sources\ImGui</Filter>
    </ClCompile>
  </ItemGroup>
  <ItemGroup>
    <ClInclude Include="Camera.h">
      <Filter>Headers</Filter>
    </ClInclude>
    <ClInclude Include="DeviceResources.h">
      <Filter>Headers</Filter>
    </ClInclude>
    <ClInclude Include="dx11.h">
      <Filter>Headers</Filter>
    </ClInclude>
    <ClInclude Include="framework.h">
      <Filter>Headers</Filter>
    </ClInclude>
    <ClInclude Include="Game.h">
      <Filter>Headers</Filter>
    </ClInclude>
    <ClInclude Include="Keyboard.h">
      <Filter>Headers</Filter>
    </ClInclude>
    <ClInclude Include="Math.h">
      <Filter>Headers</Filter>
    </ClInclude>
    <ClInclude Include="Mouse.h">
      <Filter>Headers</Filter>
    </ClInclude>
    <ClInclude Include="Resource.h">
      <Filter>Headers</Filter>
    </ClInclude>
    <ClInclude Include="stb_image.h">
      <Filter>Headers</Filter>
    </ClInclude>
    <ClInclude Include="targetver.h">
      <Filter>Headers</Filter>
    </ClInclude>
    <ClInclude Include="Timer.h">
      <Filter>Headers</Filter>
    </ClInclude>
    <ClInclude Include="Utils.h">
      <Filter>Headers</Filter>
    </ClInclude>
    <ClInclude Include="objloader.h">
      <Filter>Headers</Filter>
    </ClInclude>
    <ClInclude Include="Renderer.h">
      <Filter>Headers</Filter>
    </ClInclude>
    <ClInclude Include="Actor.h">
      <Filter>Headers</Filter>
    </ClInclude>
    <ClInclude Include="LightHelper.h">
      <Filter>Headers</Filter>
    </ClInclude>
    <ClInclude Include="MeshGenerator.h">
      <Filter>Headers</Filter>
    </ClInclude>
    <ClInclude Include="ShadowMap.h">
      <Filter>Headers</Filter>
    </ClInclude>
    <ClInclude Include="CubeMap.h">
      <Filter>Headers</Filter>
    </ClInclude>
    <ClInclude Include="InputLayout.h">
      <Filter>Headers</Filter>
    </ClInclude>
    <ClInclude Include="..\imgui-1.87\imgui.h">
      <Filter>Sources\ImGui</Filter>
    </ClInclude>
    <ClInclude Include="..\imgui-1.87\imgui_internal.h">
      <Filter>Sources\ImGui</Filter>
    </ClInclude>
    <ClInclude Include="..\imgui-1.87\imstb_rectpack.h">
      <Filter>Sources\ImGui</Filter>
    </ClInclude>
    <ClInclude Include="..\imgui-1.87\imstb_textedit.h">
      <Filter>Sources\ImGui</Filter>
    </ClInclude>
    <ClInclude Include="..\imgui-1.87\imstb_truetype.h">
      <Filter>Sources\ImGui</Filter>
    </ClInclude>
    <ClInclude Include="..\imgui-1.87\backends\imgui_impl_dx11.h">
      <Filter>Sources\ImGui</Filter>
    </ClInclude>
    <ClInclude Include="..\imgui-1.87\backends\imgui_impl_win32.h">
      <Filter>Sources\ImGui</Filter>
    </ClInclude>
  </ItemGroup>
  <ItemGroup>
    <None Include="LightingHelper.hlsli">
      <Filter>Shaders</Filter>
    </None>
    <None Include="Common.hlsli">
      <Filter>Shaders</Filter>
    </None>
    <None Include="Sky.hlsli">
      <Filter>Shaders\Sky</Filter>
    </None>
  </ItemGroup>
</Project>