<?xml version="1.0" encoding="utf-8"?>
<Project ToolsVersion="4.0" xmlns="http://schemas.microsoft.com/developer/msbuild/2003">
  <ItemGroup>
    <FxCompile Include="PhongPS.hlsl">
      <Filter>Shaders</Filter>
    </FxCompile>
    <FxCompile Include="LightPS.hlsl">
      <Filter>Shaders</Filter>
    </FxCompile>
    <FxCompile Include="PixelShader.hlsl">
      <Filter>Shaders</Filter>
    </FxCompile>
    <FxCompile Include="VertexShader.hlsl">
      <Filter>Shaders</Filter>
    </FxCompile>
  </ItemGroup>
  <ItemGroup>
    <Image Include="small.ico">
      <Filter>Resources</Filter>
    </Image>
    <Image Include="dx11.ico">
      <Filter>Resources</Filter>
    </Image>
  </ItemGroup>
  <ItemGroup>
    <Filter Include="Sources">
      <UniqueIdentifier>{f043fe05-8ba6-4ea0-8b32-12566089b574}</UniqueIdentifier>
    </Filter>
    <Filter Include="Headers">
      <UniqueIdentifier>{65b976ec-b51a-418d-9b38-79cf7b3bf020}</UniqueIdentifier>
    </Filter>
    <Filter Include="Shaders">
      <UniqueIdentifier>{cb428263-6e08-4207-ad66-d8cc481ff339}</UniqueIdentifier>
    </Filter>
    <Filter Include="Resources">
      <UniqueIdentifier>{420ae037-8a99-4716-bd40-26233b539371}</UniqueIdentifier>
    </Filter>
  </ItemGroup>
  <ItemGroup>
    <ResourceCompile Include="dx11.rc">
      <Filter>Resources</Filter>
    </ResourceCompile>
  </ItemGroup>
  <ItemGroup>
    <ClCompile Include="Camera.c">
      <Filter>Sources</Filter>
    </ClCompile>
    <ClCompile Include="DeviceResources.c">
      <Filter>Sources</Filter>
    </ClCompile>
    <ClCompile Include="dx11.c">
      <Filter>Sources</Filter>
    </ClCompile>
    <ClCompile Include="Game.c">
      <Filter>Sources</Filter>
    </ClCompile>
    <ClCompile Include="Keyboard.c">
      <Filter>Sources</Filter>
    </ClCompile>
    <ClCompile Include="Math.c">
      <Filter>Sources</Filter>
    </ClCompile>
    <ClCompile Include="Mouse.c">
      <Filter>Sources</Filter>
    </ClCompile>
    <ClCompile Include="stb_image.c">
      <Filter>Sources</Filter>
    </ClCompile>
    <ClCompile Include="objloader.c">
      <Filter>Sources</Filter>
    </ClCompile>
    <ClCompile Include="Utils.c">
      <Filter>Sources</Filter>
    </ClCompile>
    <ClCompile Include="Renderer.c">
      <Filter>Sources</Filter>
    </ClCompile>
    <ClCompile Include="Actor.c">
      <Filter>Sources</Filter>
    </ClCompile>
  </ItemGroup>
  <ItemGroup>
    <ClInclude Include="Camera.h">
      <Filter>Headers</Filter>
    </ClInclude>
    <ClInclude Include="DeviceResources.h">
      <Filter>Headers</Filter>
    </ClInclude>
    <ClInclude Include="dx11.h">
      <Filter>Headers</Filter>
    </ClInclude>
    <ClInclude Include="framework.h">
      <Filter>Headers</Filter>
    </ClInclude>
    <ClInclude Include="Game.h">
      <Filter>Headers</Filter>
    </ClInclude>
    <ClInclude Include="Keyboard.h">
      <Filter>Headers</Filter>
    </ClInclude>
    <ClInclude Include="Math.h">
      <Filter>Headers</Filter>
    </ClInclude>
    <ClInclude Include="Mouse.h">
      <Filter>Headers</Filter>
    </ClInclude>
    <ClInclude Include="Resource.h">
      <Filter>Headers</Filter>
    </ClInclude>
    <ClInclude Include="stb_image.h">
      <Filter>Headers</Filter>
    </ClInclude>
    <ClInclude Include="targetver.h">
      <Filter>Headers</Filter>
    </ClInclude>
    <ClInclude Include="Timer.h">
      <Filter>Headers</Filter>
    </ClInclude>
    <ClInclude Include="Utils.h">
      <Filter>Headers</Filter>
    </ClInclude>
    <ClInclude Include="objloader.h">
      <Filter>Headers</Filter>
    </ClInclude>
    <ClInclude Include="Renderer.h">
      <Filter>Headers</Filter>
    </ClInclude>
    <ClInclude Include="Actor.h">
      <Filter>Headers</Filter>
    </ClInclude>
    <ClInclude Include="LightHelper.h">
      <Filter>Headers</Filter>
    </ClInclude>
  </ItemGroup>
  <ItemGroup>
    <None Include="LightingHelper.hlsli">
      <Filter>Shaders</Filter>
    </None>
    <None Include="Common.hlsli">
      <Filter>Shaders</Filter>
    </None>
  </ItemGroup>
</Project>